
Microsoft Visual Studio Solution File, Format Version 12.00
# Visual Studio Version 17
VisualStudioVersion = 17.8.34330.188
MinimumVisualStudioVersion = 10.0.40219.1
Project("{888888A0-9F3D-457C-B088-3A5042F75D52}") = "rec_sys2", "rec_sys2\rec_sys2.pyproj", "{FCB3838F-F5B5-4735-B27B-82C9EF65078F}"
EndProject
Global
	GlobalSection(SolutionConfigurationPlatforms) = preSolution
		Debug|Any CPU = Debug|Any CPU
		Release|Any CPU = Release|Any CPU
	EndGlobalSection
	GlobalSection(ProjectConfigurationPlatforms) = postSolution
		{FCB3838F-F5B5-4735-B27B-82C9EF65078F}.Debug|Any CPU.ActiveCfg = Debug|Any CPU
		{FCB3838F-F5B5-4735-B27B-82C9EF65078F}.Release|Any CPU.ActiveCfg = Release|Any CPU
	EndGlobalSection
	GlobalSection(SolutionProperties) = preSolution
		HideSolutionNode = FALSE
	EndGlobalSection
	GlobalSection(ExtensibilityGlobals) = postSolution
		SolutionGuid = {D2F80968-28A2-4EE2-B27A-9908C6D6613C}
	EndGlobalSection
EndGlobal
